// !$*UTF8*$!
{
	archiveVersion = 1;
	classes = {
	};
	objectVersion = 46;
	objects = {

/* Begin PBXBuildFile section */
		0C232ABF1D9196F5004CAFC8 /* AppDelegate.swift in Sources */ = {isa = PBXBuildFile; fileRef = 0C232ABE1D9196F5004CAFC8 /* AppDelegate.swift */; };
		0C232AC11D9196F5004CAFC8 /* ViewController.swift in Sources */ = {isa = PBXBuildFile; fileRef = 0C232AC01D9196F5004CAFC8 /* ViewController.swift */; };
		0C232AC41D9196F5004CAFC8 /* Main.storyboard in Resources */ = {isa = PBXBuildFile; fileRef = 0C232AC21D9196F5004CAFC8 /* Main.storyboard */; };
		0C232AC61D9196F5004CAFC8 /* Assets.xcassets in Resources */ = {isa = PBXBuildFile; fileRef = 0C232AC51D9196F5004CAFC8 /* Assets.xcassets */; };
		0C232AC91D9196F5004CAFC8 /* LaunchScreen.storyboard in Resources */ = {isa = PBXBuildFile; fileRef = 0C232AC71D9196F5004CAFC8 /* LaunchScreen.storyboard */; };
		0CF4B7E1209B336900F4A04B /* Nuke.framework in Frameworks */ = {isa = PBXBuildFile; fileRef = 0CF4B7C4209B333E00F4A04B /* Nuke.framework */; };
		0CF4B7E2209B336900F4A04B /* Nuke.framework in Embed Frameworks */ = {isa = PBXBuildFile; fileRef = 0CF4B7C4209B333E00F4A04B /* Nuke.framework */; settings = {ATTRIBUTES = (CodeSignOnCopy, RemoveHeadersOnCopy, ); }; };
		0CF4B7E5209B336900F4A04B /* FLAnimatedImage.framework in Frameworks */ = {isa = PBXBuildFile; fileRef = 0CF4B7B6209B333900F4A04B /* FLAnimatedImage.framework */; };
		0CF4B7E6209B336900F4A04B /* FLAnimatedImage.framework in Embed Frameworks */ = {isa = PBXBuildFile; fileRef = 0CF4B7B6209B333900F4A04B /* FLAnimatedImage.framework */; settings = {ATTRIBUTES = (CodeSignOnCopy, RemoveHeadersOnCopy, ); }; };
		0CF4B7E9209B336900F4A04B /* NukeFLAnimatedImagePlugin.framework in Frameworks */ = {isa = PBXBuildFile; fileRef = 0CF4B7E0209B335100F4A04B /* NukeFLAnimatedImagePlugin.framework */; };
		0CF4B7EA209B336900F4A04B /* NukeFLAnimatedImagePlugin.framework in Embed Frameworks */ = {isa = PBXBuildFile; fileRef = 0CF4B7E0209B335100F4A04B /* NukeFLAnimatedImagePlugin.framework */; settings = {ATTRIBUTES = (CodeSignOnCopy, RemoveHeadersOnCopy, ); }; };
/* End PBXBuildFile section */

/* Begin PBXContainerItemProxy section */
		0CF4B7B5209B333900F4A04B /* PBXContainerItemProxy */ = {
			isa = PBXContainerItemProxy;
			containerPortal = 0CF4B7B1209B333800F4A04B /* FLAnimatedImage.xcodeproj */;
			proxyType = 2;
			remoteGlobalIDString = 92C9BC0C1B199DC500D79B06;
			remoteInfo = FLAnimatedImage;
		};
		0CF4B7C3209B333E00F4A04B /* PBXContainerItemProxy */ = {
			isa = PBXContainerItemProxy;
			containerPortal = 0CF4B7B7209B333E00F4A04B /* Nuke.xcodeproj */;
			proxyType = 2;
			remoteGlobalIDString = 0C9174901BAE99EE004A7905;
			remoteInfo = "Nuke iOS";
		};
		0CF4B7C5209B333E00F4A04B /* PBXContainerItemProxy */ = {
			isa = PBXContainerItemProxy;
			containerPortal = 0CF4B7B7209B333E00F4A04B /* Nuke.xcodeproj */;
			proxyType = 2;
			remoteGlobalIDString = 0C22DA2C1BCAA220006E1D3B;
			remoteInfo = "Nuke macOS";
		};
		0CF4B7C7209B333E00F4A04B /* PBXContainerItemProxy */ = {
			isa = PBXContainerItemProxy;
			containerPortal = 0CF4B7B7209B333E00F4A04B /* Nuke.xcodeproj */;
			proxyType = 2;
			remoteGlobalIDString = 0C22D9C51BCA9734006E1D3B;
			remoteInfo = "Nuke watchOS";
		};
		0CF4B7C9209B333E00F4A04B /* PBXContainerItemProxy */ = {
			isa = PBXContainerItemProxy;
			containerPortal = 0CF4B7B7209B333E00F4A04B /* Nuke.xcodeproj */;
			proxyType = 2;
			remoteGlobalIDString = 0CC345971BD96CFE005C2DD8;
			remoteInfo = "Nuke tvOS";
		};
		0CF4B7CB209B333E00F4A04B /* PBXContainerItemProxy */ = {
			isa = PBXContainerItemProxy;
			containerPortal = 0CF4B7B7209B333E00F4A04B /* Nuke.xcodeproj */;
			proxyType = 2;
			remoteGlobalIDString = 0C7C06771BCA882A00089D7F;
			remoteInfo = "Nuke iOS Tests";
		};
		0CF4B7CD209B333E00F4A04B /* PBXContainerItemProxy */ = {
			isa = PBXContainerItemProxy;
			containerPortal = 0CF4B7B7209B333E00F4A04B /* Nuke.xcodeproj */;
			proxyType = 2;
			remoteGlobalIDString = 0C22DA381BCAA22A006E1D3B;
			remoteInfo = "Nuke macOS Tests";
		};
		0CF4B7CF209B333E00F4A04B /* PBXContainerItemProxy */ = {
			isa = PBXContainerItemProxy;
			containerPortal = 0CF4B7B7209B333E00F4A04B /* Nuke.xcodeproj */;
			proxyType = 2;
			remoteGlobalIDString = 0CC345A31BD96D2A005C2DD8;
			remoteInfo = "Nuke tvOS Tests";
		};
		0CF4B7D1209B333E00F4A04B /* PBXContainerItemProxy */ = {
			isa = PBXContainerItemProxy;
			containerPortal = 0CF4B7B7209B333E00F4A04B /* Nuke.xcodeproj */;
			proxyType = 2;
			remoteGlobalIDString = 0C8D7BD01D9DBF1600D12EB7;
			remoteInfo = "Nuke iOS Tests Host";
		};
		0CF4B7D3209B333E00F4A04B /* PBXContainerItemProxy */ = {
			isa = PBXContainerItemProxy;
			containerPortal = 0CF4B7B7209B333E00F4A04B /* Nuke.xcodeproj */;
			proxyType = 2;
			remoteGlobalIDString = 0C8D7BE81D9DC02B00D12EB7;
			remoteInfo = "Nuke iOS Performance Tests";
		};
		0CF4B7DF209B335100F4A04B /* PBXContainerItemProxy */ = {
			isa = PBXContainerItemProxy;
			containerPortal = 0CF4B7DB209B335100F4A04B /* Nuke-FLAnimatedImage-Plugin.xcodeproj */;
			proxyType = 2;
			remoteGlobalIDString = 0C06D2241C11F3FF00CC5C35;
			remoteInfo = "Nuke iOS FLAnimatedImage Plugin";
		};
		0CF4B7E3209B336900F4A04B /* PBXContainerItemProxy */ = {
			isa = PBXContainerItemProxy;
			containerPortal = 0CF4B7B7209B333E00F4A04B /* Nuke.xcodeproj */;
			proxyType = 1;
			remoteGlobalIDString = 0C91748F1BAE99EE004A7905;
			remoteInfo = "Nuke iOS";
		};
		0CF4B7E7209B336900F4A04B /* PBXContainerItemProxy */ = {
			isa = PBXContainerItemProxy;
			containerPortal = 0CF4B7B1209B333800F4A04B /* FLAnimatedImage.xcodeproj */;
			proxyType = 1;
			remoteGlobalIDString = 92C9BC0B1B199DC500D79B06;
			remoteInfo = FLAnimatedImage;
		};
		0CF4B7EB209B336900F4A04B /* PBXContainerItemProxy */ = {
			isa = PBXContainerItemProxy;
			containerPortal = 0CF4B7DB209B335100F4A04B /* Nuke-FLAnimatedImage-Plugin.xcodeproj */;
			proxyType = 1;
			remoteGlobalIDString = 0C06D2231C11F3FF00CC5C35;
			remoteInfo = "Nuke iOS FLAnimatedImage Plugin";
		};
/* End PBXContainerItemProxy section */

/* Begin PBXCopyFilesBuildPhase section */
		0CF4B7ED209B336900F4A04B /* Embed Frameworks */ = {
			isa = PBXCopyFilesBuildPhase;
			buildActionMask = 2147483647;
			dstPath = "";
			dstSubfolderSpec = 10;
			files = (
				0CF4B7E2209B336900F4A04B /* Nuke.framework in Embed Frameworks */,
				0CF4B7EA209B336900F4A04B /* NukeFLAnimatedImagePlugin.framework in Embed Frameworks */,
				0CF4B7E6209B336900F4A04B /* FLAnimatedImage.framework in Embed Frameworks */,
			);
			name = "Embed Frameworks";
			runOnlyForDeploymentPostprocessing = 0;
		};
/* End PBXCopyFilesBuildPhase section */

/* Begin PBXFileReference section */
		0C232ABC1D9196F5004CAFC8 /* Nuke-FLAnimatedImage-Demo.app */ = {isa = PBXFileReference; explicitFileType = wrapper.application; includeInIndex = 0; path = "Nuke-FLAnimatedImage-Demo.app"; sourceTree = BUILT_PRODUCTS_DIR; };
		0C232ABE1D9196F5004CAFC8 /* AppDelegate.swift */ = {isa = PBXFileReference; lastKnownFileType = sourcecode.swift; path = AppDelegate.swift; sourceTree = "<group>"; };
		0C232AC01D9196F5004CAFC8 /* ViewController.swift */ = {isa = PBXFileReference; lastKnownFileType = sourcecode.swift; path = ViewController.swift; sourceTree = "<group>"; };
		0C232AC31D9196F5004CAFC8 /* Base */ = {isa = PBXFileReference; lastKnownFileType = file.storyboard; name = Base; path = Base.lproj/Main.storyboard; sourceTree = "<group>"; };
		0C232AC51D9196F5004CAFC8 /* Assets.xcassets */ = {isa = PBXFileReference; lastKnownFileType = folder.assetcatalog; path = Assets.xcassets; sourceTree = "<group>"; };
		0C232AC81D9196F5004CAFC8 /* Base */ = {isa = PBXFileReference; lastKnownFileType = file.storyboard; name = Base; path = Base.lproj/LaunchScreen.storyboard; sourceTree = "<group>"; };
		0C232ACA1D9196F5004CAFC8 /* Info.plist */ = {isa = PBXFileReference; lastKnownFileType = text.plist.xml; path = Info.plist; sourceTree = "<group>"; };
		0CF4B7B1209B333800F4A04B /* FLAnimatedImage.xcodeproj */ = {isa = PBXFileReference; lastKnownFileType = "wrapper.pb-project"; name = FLAnimatedImage.xcodeproj; path = ../../Carthage/Checkouts/FLAnimatedImage/FLAnimatedImage.xcodeproj; sourceTree = "<group>"; };
		0CF4B7B7209B333E00F4A04B /* Nuke.xcodeproj */ = {isa = PBXFileReference; lastKnownFileType = "wrapper.pb-project"; name = Nuke.xcodeproj; path = ../../Carthage/Checkouts/Nuke/Nuke.xcodeproj; sourceTree = "<group>"; };
		0CF4B7DB209B335100F4A04B /* Nuke-FLAnimatedImage-Plugin.xcodeproj */ = {isa = PBXFileReference; lastKnownFileType = "wrapper.pb-project"; name = "Nuke-FLAnimatedImage-Plugin.xcodeproj"; path = "../../Nuke-FLAnimatedImage-Plugin.xcodeproj"; sourceTree = "<group>"; };
/* End PBXFileReference section */

/* Begin PBXFrameworksBuildPhase section */
		0C232AB91D9196F5004CAFC8 /* Frameworks */ = {
			isa = PBXFrameworksBuildPhase;
			buildActionMask = 2147483647;
			files = (
				0CF4B7E1209B336900F4A04B /* Nuke.framework in Frameworks */,
				0CF4B7E9209B336900F4A04B /* NukeFLAnimatedImagePlugin.framework in Frameworks */,
				0CF4B7E5209B336900F4A04B /* FLAnimatedImage.framework in Frameworks */,
			);
			runOnlyForDeploymentPostprocessing = 0;
		};
/* End PBXFrameworksBuildPhase section */

/* Begin PBXGroup section */
		0C232ABD1D9196F5004CAFC8 /* Source */ = {
			isa = PBXGroup;
			children = (
				0C232ABE1D9196F5004CAFC8 /* AppDelegate.swift */,
				0C232AC01D9196F5004CAFC8 /* ViewController.swift */,
				0C232AC21D9196F5004CAFC8 /* Main.storyboard */,
				0C232AC51D9196F5004CAFC8 /* Assets.xcassets */,
				0C232AC71D9196F5004CAFC8 /* LaunchScreen.storyboard */,
				0C232ACA1D9196F5004CAFC8 /* Info.plist */,
			);
			path = Source;
			sourceTree = SOURCE_ROOT;
		};
		0CF4B7B0209B332200F4A04B /* Dependencies */ = {
			isa = PBXGroup;
			children = (
				0CF4B7B7209B333E00F4A04B /* Nuke.xcodeproj */,
				0CF4B7B1209B333800F4A04B /* FLAnimatedImage.xcodeproj */,
				0CF4B7DB209B335100F4A04B /* Nuke-FLAnimatedImage-Plugin.xcodeproj */,
			);
			path = Dependencies;
			sourceTree = "<group>";
		};
		0CF4B7B2209B333800F4A04B /* Products */ = {
			isa = PBXGroup;
			children = (
				0CF4B7B6209B333900F4A04B /* FLAnimatedImage.framework */,
			);
			name = Products;
			sourceTree = "<group>";
		};
		0CF4B7B8209B333E00F4A04B /* Products */ = {
			isa = PBXGroup;
			children = (
				0CF4B7C4209B333E00F4A04B /* Nuke.framework */,
				0CF4B7C6209B333E00F4A04B /* Nuke.framework */,
				0CF4B7C8209B333E00F4A04B /* Nuke.framework */,
				0CF4B7CA209B333E00F4A04B /* Nuke.framework */,
				0CF4B7CC209B333E00F4A04B /* Nuke iOS Tests.xctest */,
				0CF4B7CE209B333E00F4A04B /* Nuke macOS Tests.xctest */,
				0CF4B7D0209B333E00F4A04B /* Nuke tvOS Tests.xctest */,
				0CF4B7D2209B333E00F4A04B /* Nuke iOS Tests Host.app */,
				0CF4B7D4209B333E00F4A04B /* Nuke iOS Performance Tests.xctest */,
			);
			name = Products;
			sourceTree = "<group>";
		};
		0CF4B7DC209B335100F4A04B /* Products */ = {
			isa = PBXGroup;
			children = (
				0CF4B7E0209B335100F4A04B /* NukeFLAnimatedImagePlugin.framework */,
			);
			name = Products;
			sourceTree = "<group>";
		};
		607FACC71AFB9204008FA782 = {
			isa = PBXGroup;
			children = (
				0CF4B7B0209B332200F4A04B /* Dependencies */,
				0C232ABD1D9196F5004CAFC8 /* Source */,
				607FACD11AFB9204008FA782 /* Products */,
				B268730C38EF50AF5D1A33EC /* Frameworks */,
			);
			sourceTree = "<group>";
		};
		607FACD11AFB9204008FA782 /* Products */ = {
			isa = PBXGroup;
			children = (
				0C232ABC1D9196F5004CAFC8 /* Nuke-FLAnimatedImage-Demo.app */,
			);
			name = Products;
			sourceTree = "<group>";
		};
		B268730C38EF50AF5D1A33EC /* Frameworks */ = {
			isa = PBXGroup;
			children = (
			);
			name = Frameworks;
			sourceTree = "<group>";
		};
/* End PBXGroup section */

/* Begin PBXNativeTarget section */
		0C232ABB1D9196F5004CAFC8 /* Nuke-FLAnimatedImage-Demo */ = {
			isa = PBXNativeTarget;
			buildConfigurationList = 0C232ACB1D9196F5004CAFC8 /* Build configuration list for PBXNativeTarget "Nuke-FLAnimatedImage-Demo" */;
			buildPhases = (
				0C232AB81D9196F5004CAFC8 /* Sources */,
				0C232AB91D9196F5004CAFC8 /* Frameworks */,
				0C232ABA1D9196F5004CAFC8 /* Resources */,
				0CF4B7ED209B336900F4A04B /* Embed Frameworks */,
			);
			buildRules = (
			);
			dependencies = (
				0CF4B7E4209B336900F4A04B /* PBXTargetDependency */,
				0CF4B7E8209B336900F4A04B /* PBXTargetDependency */,
				0CF4B7EC209B336900F4A04B /* PBXTargetDependency */,
			);
			name = "Nuke-FLAnimatedImage-Demo";
			productName = "Nuke-FLAnimatedImage-Demo";
			productReference = 0C232ABC1D9196F5004CAFC8 /* Nuke-FLAnimatedImage-Demo.app */;
			productType = "com.apple.product-type.application";
		};
/* End PBXNativeTarget section */

/* Begin PBXProject section */
		607FACC81AFB9204008FA782 /* Project object */ = {
			isa = PBXProject;
			attributes = {
				LastSwiftUpdateCheck = 0800;
				LastUpgradeCheck = 0930;
				ORGANIZATIONNAME = CocoaPods;
				TargetAttributes = {
					0C232ABB1D9196F5004CAFC8 = {
						CreatedOnToolsVersion = 8.0;
						DevelopmentTeam = NR8DLKJ7E6;
						ProvisioningStyle = Automatic;
					};
				};
			};
			buildConfigurationList = 607FACCB1AFB9204008FA782 /* Build configuration list for PBXProject "Demo" */;
			compatibilityVersion = "Xcode 3.2";
			developmentRegion = English;
			hasScannedForEncodings = 0;
			knownRegions = (
				en,
				Base,
			);
			mainGroup = 607FACC71AFB9204008FA782;
			productRefGroup = 607FACD11AFB9204008FA782 /* Products */;
			projectDirPath = "";
			projectReferences = (
				{
					ProductGroup = 0CF4B7B2209B333800F4A04B /* Products */;
					ProjectRef = 0CF4B7B1209B333800F4A04B /* FLAnimatedImage.xcodeproj */;
				},
				{
					ProductGroup = 0CF4B7DC209B335100F4A04B /* Products */;
					ProjectRef = 0CF4B7DB209B335100F4A04B /* Nuke-FLAnimatedImage-Plugin.xcodeproj */;
				},
				{
					ProductGroup = 0CF4B7B8209B333E00F4A04B /* Products */;
					ProjectRef = 0CF4B7B7209B333E00F4A04B /* Nuke.xcodeproj */;
				},
			);
			projectRoot = "";
			targets = (
				0C232ABB1D9196F5004CAFC8 /* Nuke-FLAnimatedImage-Demo */,
			);
		};
/* End PBXProject section */

/* Begin PBXReferenceProxy section */
		0CF4B7B6209B333900F4A04B /* FLAnimatedImage.framework */ = {
			isa = PBXReferenceProxy;
			fileType = wrapper.framework;
			path = FLAnimatedImage.framework;
			remoteRef = 0CF4B7B5209B333900F4A04B /* PBXContainerItemProxy */;
			sourceTree = BUILT_PRODUCTS_DIR;
		};
		0CF4B7C4209B333E00F4A04B /* Nuke.framework */ = {
			isa = PBXReferenceProxy;
			fileType = wrapper.framework;
			path = Nuke.framework;
			remoteRef = 0CF4B7C3209B333E00F4A04B /* PBXContainerItemProxy */;
			sourceTree = BUILT_PRODUCTS_DIR;
		};
		0CF4B7C6209B333E00F4A04B /* Nuke.framework */ = {
			isa = PBXReferenceProxy;
			fileType = wrapper.framework;
			path = Nuke.framework;
			remoteRef = 0CF4B7C5209B333E00F4A04B /* PBXContainerItemProxy */;
			sourceTree = BUILT_PRODUCTS_DIR;
		};
		0CF4B7C8209B333E00F4A04B /* Nuke.framework */ = {
			isa = PBXReferenceProxy;
			fileType = wrapper.framework;
			path = Nuke.framework;
			remoteRef = 0CF4B7C7209B333E00F4A04B /* PBXContainerItemProxy */;
			sourceTree = BUILT_PRODUCTS_DIR;
		};
		0CF4B7CA209B333E00F4A04B /* Nuke.framework */ = {
			isa = PBXReferenceProxy;
			fileType = wrapper.framework;
			path = Nuke.framework;
			remoteRef = 0CF4B7C9209B333E00F4A04B /* PBXContainerItemProxy */;
			sourceTree = BUILT_PRODUCTS_DIR;
		};
		0CF4B7CC209B333E00F4A04B /* Nuke iOS Tests.xctest */ = {
			isa = PBXReferenceProxy;
			fileType = wrapper.cfbundle;
			path = "Nuke iOS Tests.xctest";
			remoteRef = 0CF4B7CB209B333E00F4A04B /* PBXContainerItemProxy */;
			sourceTree = BUILT_PRODUCTS_DIR;
		};
		0CF4B7CE209B333E00F4A04B /* Nuke macOS Tests.xctest */ = {
			isa = PBXReferenceProxy;
			fileType = wrapper.cfbundle;
			path = "Nuke macOS Tests.xctest";
			remoteRef = 0CF4B7CD209B333E00F4A04B /* PBXContainerItemProxy */;
			sourceTree = BUILT_PRODUCTS_DIR;
		};
		0CF4B7D0209B333E00F4A04B /* Nuke tvOS Tests.xctest */ = {
			isa = PBXReferenceProxy;
			fileType = wrapper.cfbundle;
			path = "Nuke tvOS Tests.xctest";
			remoteRef = 0CF4B7CF209B333E00F4A04B /* PBXContainerItemProxy */;
			sourceTree = BUILT_PRODUCTS_DIR;
		};
		0CF4B7D2209B333E00F4A04B /* Nuke iOS Tests Host.app */ = {
			isa = PBXReferenceProxy;
			fileType = wrapper.application;
			path = "Nuke iOS Tests Host.app";
			remoteRef = 0CF4B7D1209B333E00F4A04B /* PBXContainerItemProxy */;
			sourceTree = BUILT_PRODUCTS_DIR;
		};
		0CF4B7D4209B333E00F4A04B /* Nuke iOS Performance Tests.xctest */ = {
			isa = PBXReferenceProxy;
			fileType = wrapper.cfbundle;
			path = "Nuke iOS Performance Tests.xctest";
			remoteRef = 0CF4B7D3209B333E00F4A04B /* PBXContainerItemProxy */;
			sourceTree = BUILT_PRODUCTS_DIR;
		};
		0CF4B7E0209B335100F4A04B /* NukeFLAnimatedImagePlugin.framework */ = {
			isa = PBXReferenceProxy;
			fileType = wrapper.framework;
			path = NukeFLAnimatedImagePlugin.framework;
			remoteRef = 0CF4B7DF209B335100F4A04B /* PBXContainerItemProxy */;
			sourceTree = BUILT_PRODUCTS_DIR;
		};
/* End PBXReferenceProxy section */

/* Begin PBXResourcesBuildPhase section */
		0C232ABA1D9196F5004CAFC8 /* Resources */ = {
			isa = PBXResourcesBuildPhase;
			buildActionMask = 2147483647;
			files = (
				0C232AC91D9196F5004CAFC8 /* LaunchScreen.storyboard in Resources */,
				0C232AC61D9196F5004CAFC8 /* Assets.xcassets in Resources */,
				0C232AC41D9196F5004CAFC8 /* Main.storyboard in Resources */,
			);
			runOnlyForDeploymentPostprocessing = 0;
		};
/* End PBXResourcesBuildPhase section */

/* Begin PBXSourcesBuildPhase section */
		0C232AB81D9196F5004CAFC8 /* Sources */ = {
			isa = PBXSourcesBuildPhase;
			buildActionMask = 2147483647;
			files = (
				0C232AC11D9196F5004CAFC8 /* ViewController.swift in Sources */,
				0C232ABF1D9196F5004CAFC8 /* AppDelegate.swift in Sources */,
			);
			runOnlyForDeploymentPostprocessing = 0;
		};
/* End PBXSourcesBuildPhase section */

/* Begin PBXTargetDependency section */
		0CF4B7E4209B336900F4A04B /* PBXTargetDependency */ = {
			isa = PBXTargetDependency;
			name = "Nuke iOS";
			targetProxy = 0CF4B7E3209B336900F4A04B /* PBXContainerItemProxy */;
		};
		0CF4B7E8209B336900F4A04B /* PBXTargetDependency */ = {
			isa = PBXTargetDependency;
			name = FLAnimatedImage;
			targetProxy = 0CF4B7E7209B336900F4A04B /* PBXContainerItemProxy */;
		};
		0CF4B7EC209B336900F4A04B /* PBXTargetDependency */ = {
			isa = PBXTargetDependency;
			name = "Nuke iOS FLAnimatedImage Plugin";
			targetProxy = 0CF4B7EB209B336900F4A04B /* PBXContainerItemProxy */;
		};
/* End PBXTargetDependency section */

/* Begin PBXVariantGroup section */
		0C232AC21D9196F5004CAFC8 /* Main.storyboard */ = {
			isa = PBXVariantGroup;
			children = (
				0C232AC31D9196F5004CAFC8 /* Base */,
			);
			name = Main.storyboard;
			sourceTree = "<group>";
		};
		0C232AC71D9196F5004CAFC8 /* LaunchScreen.storyboard */ = {
			isa = PBXVariantGroup;
			children = (
				0C232AC81D9196F5004CAFC8 /* Base */,
			);
			name = LaunchScreen.storyboard;
			sourceTree = "<group>";
		};
/* End PBXVariantGroup section */

/* Begin XCBuildConfiguration section */
		0C232ACC1D9196F5004CAFC8 /* Debug */ = {
			isa = XCBuildConfiguration;
			buildSettings = {
				ALWAYS_EMBED_SWIFT_STANDARD_LIBRARIES = YES;
				ASSETCATALOG_COMPILER_APPICON_NAME = AppIcon;
				CLANG_ANALYZER_NONNULL = YES;
				CLANG_WARN_DOCUMENTATION_COMMENTS = YES;
				CLANG_WARN_SUSPICIOUS_MOVES = YES;
				DEBUG_INFORMATION_FORMAT = dwarf;
				DEVELOPMENT_TEAM = NR8DLKJ7E6;
				INFOPLIST_FILE = Source/Info.plist;
				IPHONEOS_DEPLOYMENT_TARGET = 10.0;
				LD_RUNPATH_SEARCH_PATHS = "$(inherited) @executable_path/Frameworks";
				PRODUCT_BUNDLE_IDENTIFIER = "com.github.kean.Nuke-FLAnimatedImage-Demo";
				PRODUCT_NAME = "$(TARGET_NAME)";
				SWIFT_ACTIVE_COMPILATION_CONDITIONS = DEBUG;
				SWIFT_VERSION = 4.0;
				TARGETED_DEVICE_FAMILY = "1,2";
			};
			name = Debug;
		};
		0C232ACD1D9196F5004CAFC8 /* Release */ = {
			isa = XCBuildConfiguration;
			buildSettings = {
				ALWAYS_EMBED_SWIFT_STANDARD_LIBRARIES = YES;
				ASSETCATALOG_COMPILER_APPICON_NAME = AppIcon;
				CLANG_ANALYZER_NONNULL = YES;
				CLANG_WARN_DOCUMENTATION_COMMENTS = YES;
				CLANG_WARN_SUSPICIOUS_MOVES = YES;
				DEVELOPMENT_TEAM = NR8DLKJ7E6;
				INFOPLIST_FILE = Source/Info.plist;
				IPHONEOS_DEPLOYMENT_TARGET = 10.0;
				LD_RUNPATH_SEARCH_PATHS = "$(inherited) @executable_path/Frameworks";
				PRODUCT_BUNDLE_IDENTIFIER = "com.github.kean.Nuke-FLAnimatedImage-Demo";
				PRODUCT_NAME = "$(TARGET_NAME)";
				SWIFT_OPTIMIZATION_LEVEL = "-Owholemodule";
				SWIFT_VERSION = 4.0;
				TARGETED_DEVICE_FAMILY = "1,2";
			};
			name = Release;
		};
		607FACED1AFB9204008FA782 /* Debug */ = {
			isa = XCBuildConfiguration;
			buildSettings = {
				ALWAYS_SEARCH_USER_PATHS = NO;
				CLANG_CXX_LANGUAGE_STANDARD = "gnu++0x";
				CLANG_CXX_LIBRARY = "libc++";
				CLANG_ENABLE_MODULES = YES;
				CLANG_ENABLE_OBJC_ARC = YES;
				CLANG_WARN_BLOCK_CAPTURE_AUTORELEASING = YES;
				CLANG_WARN_BOOL_CONVERSION = YES;
				CLANG_WARN_COMMA = YES;
				CLANG_WARN_CONSTANT_CONVERSION = YES;
				CLANG_WARN_DEPRECATED_OBJC_IMPLEMENTATIONS = YES;
				CLANG_WARN_DIRECT_OBJC_ISA_USAGE = YES_ERROR;
				CLANG_WARN_EMPTY_BODY = YES;
				CLANG_WARN_ENUM_CONVERSION = YES;
				CLANG_WARN_INFINITE_RECURSION = YES;
				CLANG_WARN_INT_CONVERSION = YES;
				CLANG_WARN_NON_LITERAL_NULL_CONVERSION = YES;
				CLANG_WARN_OBJC_IMPLICIT_RETAIN_SELF = YES;
				CLANG_WARN_OBJC_LITERAL_CONVERSION = YES;
				CLANG_WARN_OBJC_ROOT_CLASS = YES_ERROR;
				CLANG_WARN_RANGE_LOOP_ANALYSIS = YES;
				CLANG_WARN_STRICT_PROTOTYPES = YES;
				CLANG_WARN_SUSPICIOUS_MOVE = YES;
				CLANG_WARN_UNREACHABLE_CODE = YES;
				CLANG_WARN__DUPLICATE_METHOD_MATCH = YES;
				"CODE_SIGN_IDENTITY[sdk=iphoneos*]" = "iPhone Developer";
				COPY_PHASE_STRIP = NO;
				DEBUG_INFORMATION_FORMAT = "dwarf-with-dsym";
				ENABLE_STRICT_OBJC_MSGSEND = YES;
				ENABLE_TESTABILITY = YES;
				GCC_C_LANGUAGE_STANDARD = gnu99;
				GCC_DYNAMIC_NO_PIC = NO;
				GCC_NO_COMMON_BLOCKS = YES;
				GCC_OPTIMIZATION_LEVEL = 0;
				GCC_PREPROCESSOR_DEFINITIONS = (
					"DEBUG=1",
					"$(inherited)",
				);
				GCC_SYMBOLS_PRIVATE_EXTERN = NO;
				GCC_WARN_64_TO_32_BIT_CONVERSION = YES;
				GCC_WARN_ABOUT_RETURN_TYPE = YES_ERROR;
				GCC_WARN_UNDECLARED_SELECTOR = YES;
				GCC_WARN_UNINITIALIZED_AUTOS = YES_AGGRESSIVE;
				GCC_WARN_UNUSED_FUNCTION = YES;
				GCC_WARN_UNUSED_VARIABLE = YES;
				IPHONEOS_DEPLOYMENT_TARGET = 9.0;
				MTL_ENABLE_DEBUG_INFO = YES;
				ONLY_ACTIVE_ARCH = YES;
				SDKROOT = iphoneos;
				SWIFT_OPTIMIZATION_LEVEL = "-Onone";
			};
			name = Debug;
		};
		607FACEE1AFB9204008FA782 /* Release */ = {
			isa = XCBuildConfiguration;
			buildSettings = {
				ALWAYS_SEARCH_USER_PATHS = NO;
				CLANG_CXX_LANGUAGE_STANDARD = "gnu++0x";
				CLANG_CXX_LIBRARY = "libc++";
				CLANG_ENABLE_MODULES = YES;
				CLANG_ENABLE_OBJC_ARC = YES;
				CLANG_WARN_BLOCK_CAPTURE_AUTORELEASING = YES;
				CLANG_WARN_BOOL_CONVERSION = YES;
				CLANG_WARN_COMMA = YES;
				CLANG_WARN_CONSTANT_CONVERSION = YES;
				CLANG_WARN_DEPRECATED_OBJC_IMPLEMENTATIONS = YES;
				CLANG_WARN_DIRECT_OBJC_ISA_USAGE = YES_ERROR;
				CLANG_WARN_EMPTY_BODY = YES;
				CLANG_WARN_ENUM_CONVERSION = YES;
				CLANG_WARN_INFINITE_RECURSION = YES;
				CLANG_WARN_INT_CONVERSION = YES;
				CLANG_WARN_NON_LITERAL_NULL_CONVERSION = YES;
				CLANG_WARN_OBJC_IMPLICIT_RETAIN_SELF = YES;
				CLANG_WARN_OBJC_LITERAL_CONVERSION = YES;
				CLANG_WARN_OBJC_ROOT_CLASS = YES_ERROR;
				CLANG_WARN_RANGE_LOOP_ANALYSIS = YES;
				CLANG_WARN_STRICT_PROTOTYPES = YES;
				CLANG_WARN_SUSPICIOUS_MOVE = YES;
				CLANG_WARN_UNREACHABLE_CODE = YES;
				CLANG_WARN__DUPLICATE_METHOD_MATCH = YES;
				"CODE_SIGN_IDENTITY[sdk=iphoneos*]" = "iPhone Developer";
				COPY_PHASE_STRIP = NO;
				DEBUG_INFORMATION_FORMAT = "dwarf-with-dsym";
				ENABLE_NS_ASSERTIONS = NO;
				ENABLE_STRICT_OBJC_MSGSEND = YES;
				GCC_C_LANGUAGE_STANDARD = gnu99;
				GCC_NO_COMMON_BLOCKS = YES;
				GCC_WARN_64_TO_32_BIT_CONVERSION = YES;
				GCC_WARN_ABOUT_RETURN_TYPE = YES_ERROR;
				GCC_WARN_UNDECLARED_SELECTOR = YES;
				GCC_WARN_UNINITIALIZED_AUTOS = YES_AGGRESSIVE;
				GCC_WARN_UNUSED_FUNCTION = YES;
				GCC_WARN_UNUSED_VARIABLE = YES;
				IPHONEOS_DEPLOYMENT_TARGET = 9.0;
				MTL_ENABLE_DEBUG_INFO = NO;
				SDKROOT = iphoneos;
				VALIDATE_PRODUCT = YES;
			};
			name = Release;
		};
/* End XCBuildConfiguration section */

/* Begin XCConfigurationList section */
		0C232ACB1D9196F5004CAFC8 /* Build configuration list for PBXNativeTarget "Nuke-FLAnimatedImage-Demo" */ = {
			isa = XCConfigurationList;
			buildConfigurations = (
				0C232ACC1D9196F5004CAFC8 /* Debug */,
				0C232ACD1D9196F5004CAFC8 /* Release */,
			);
			defaultConfigurationIsVisible = 0;
			defaultConfigurationName = Release;
		};
		607FACCB1AFB9204008FA782 /* Build configuration list for PBXProject "Demo" */ = {
			isa = XCConfigurationList;
			buildConfigurations = (
				607FACED1AFB9204008FA782 /* Debug */,
				607FACEE1AFB9204008FA782 /* Release */,
			);
			defaultConfigurationIsVisible = 0;
			defaultConfigurationName = Release;
		};
/* End XCConfigurationList section */
	};
	rootObject = 607FACC81AFB9204008FA782 /* Project object */;
}
