PODS:
  - FLAnimatedImage (1.0.12)
  - Nuke (6.1)
  - Nuke-FLAnimatedImage-Plugin (3.0):
    - FLAnimatedImage (~> 1.0)
    - Nuke (~> 6.0)

DEPENDENCIES:
  - Nuke-FLAnimatedImage-Plugin (from `../`)

EXTERNAL SOURCES:
  Nuke-FLAnimatedImage-Plugin:
    :path: ../

SPEC CHECKSUMS:
  FLAnimatedImage: 4a0b56255d9b05f18b6dd7ee06871be5d3b89e31
  Nuke: 0513c8d156bd9a2adb15db70622c3527f44542c5
  Nuke-FLAnimatedImage-Plugin: eafd569f332cff7587b11a3ac1bd1f5f3245df84

PODFILE CHECKSUM: ed431948c7ecaba8d524680d80bb754947864258

COCOAPODS: 1.4.0
