PODS:
  - FLAnimatedImage (1.0.12)
  - Nuke (4.0)
  - Nuke-FLAnimatedImage-Plugin (2.0):
    - FLAnimatedImage (~> 1.0)
    - Nuke

DEPENDENCIES:
  - Nuke-FLAnimatedImage-Plugin (from `../`)

EXTERNAL SOURCES:
  Nuke-FLAnimatedImage-Plugin:
    :path: "../"

SPEC CHECKSUMS:
  FLAnimatedImage: 4a0b56255d9b05f18b6dd7ee06871be5d3b89e31
  Nuke: c738cc70c96febfbc974809c1eb8b3d600b09a6b
  Nuke-FLAnimatedImage-Plugin: 0cc0d6f4b32161fb1ad8714b86335f4145c05f60

PODFILE CHECKSUM: ed431948c7ecaba8d524680d80bb754947864258

COCOAPODS: 1.1.0.rc.2
